
Microsoft Visual Studio Solution File, Format Version 12.00
# Visual Studio Version 17
VisualStudioVersion = 17.4.33122.133
MinimumVisualStudioVersion = 10.0.40219.1
Project("{FAE04EC0-301F-11D3-BF4B-00C04F79EFBC}") = "TodoApp.Api", "TodoApp.Api\TodoApp.Api.csproj", "{95721E37-D660-4A16-A5DA-0F0B32E649D4}"
EndProject
Global
	GlobalSection(SolutionConfigurationPlatforms) = preSolution
		Debug|Any CPU = Debug|Any CPU
		Release|Any CPU = Release|Any CPU
	EndGlobalSection
	GlobalSection(ProjectConfigurationPlatforms) = postSolution
		{95721E37-D660-4A16-A5DA-0F0B32E649D4}.Debug|Any CPU.ActiveCfg = Debug|Any CPU
		{95721E37-D660-4A16-A5DA-0F0B32E649D4}.Debug|Any CPU.Build.0 = Debug|Any CPU
		{95721E37-D660-4A16-A5DA-0F0B32E649D4}.Release|Any CPU.ActiveCfg = Release|Any CPU
		{95721E37-D660-4A16-A5DA-0F0B32E649D4}.Release|Any CPU.Build.0 = Release|Any CPU
	EndGlobalSection
	GlobalSection(SolutionProperties) = preSolution
		HideSolutionNode = FALSE
	EndGlobalSection
	GlobalSection(ExtensibilityGlobals) = postSolution
		SolutionGuid = {806244C1-F553-4C95-83BD-271AF0B15E15}
	EndGlobalSection
EndGlobal
